# Public Agent Tools release pin. Update only after reviewing the source release
# and replacing every corresponding SHA-256 value.
AGENT_TOOLS_RELEASE=20260723
AGENT_TOOLS_BASE_URL=https://s2a.jklin.me/tools

SRV_OPS_DARWIN_ARM64_ARCHIVE=srv-ops-darwin-arm64.tar.gz
SRV_OPS_DARWIN_ARM64_SHA256=df93049d7951a2fa950e193213b972b8e8c6426d1a3b5d60aef8df34ac38e7d1
ROUTEFLOW_DARWIN_ARM64_ARCHIVE=routeflow-agent-kit-darwin-arm64.tar.gz
ROUTEFLOW_DARWIN_ARM64_SHA256=62a71cf316412c379566a5d4d9ef0c5edb2a6b96b131244d5b1b529129955672

SRV_OPS_WINDOWS_AMD64_ARCHIVE=srv-ops-windows-amd64.zip
SRV_OPS_WINDOWS_AMD64_SHA256=8af106680bb16d675421ede105d64ce46015a8c9841ec4a10cd51a5b4ddb27da
ROUTEFLOW_WINDOWS_AMD64_ARCHIVE=routeflow-agent-kit-windows-amd64.zip
ROUTEFLOW_WINDOWS_AMD64_SHA256=1769f00c1ffb7c273ebcb73ebdc2162d38159b6d1cbb9210153c9e43a414484d

SRV_OPS_LINUX_AMD64_ARCHIVE=srv-ops-linux-amd64.tar.gz
SRV_OPS_LINUX_AMD64_SHA256=e3905c6a2197d1e32cc7d342d723bc4855701202e58cefc1ce2fe7c12c99e6e8
ROUTEFLOW_LINUX_AMD64_ARCHIVE=routeflow-agent-kit-linux-amd64.tar.gz
ROUTEFLOW_LINUX_AMD64_SHA256=14ca1e60e55eba4d7ef4014854daff6dbce502a6be2d205d3f9f8b71070713ff
